
Microsoft Visual Studio Solution File, Format Version 12.00
# Visual Studio 2013
VisualStudioVersion = 12.0.30723.0
MinimumVisualStudioVersion = 10.0.40219.1
Project("{FAE04EC0-301F-11D3-BF4B-00C04F79EFBC}") = "BackgroundChanger", "BackgroundChanger\BackgroundChanger.csproj", "{484B30EC-2571-4ABB-A9B3-E6736A616C23}"
EndProject
Project("{FAE04EC0-301F-11D3-BF4B-00C04F79EFBC}") = "TaskScheduler", "TaskScheduler\TaskScheduler.csproj", "{135FD8E6-F249-4F4D-BD6C-73FA28BC814E}"
EndProject
Project("{FAE04EC0-301F-11D3-BF4B-00C04F79EFBC}") = "ScreenSaverCreator", "ScreenSaverCreator\ScreenSaverCreator.csproj", "{A4AEA59C-3195-4BF2-83F0-23612F025902}"
EndProject
Project("{FAE04EC0-301F-11D3-BF4B-00C04F79EFBC}") = "WindowsServiceHost", "WindowsServiceHost\WindowsServiceHost.csproj", "{FF59D9A4-6122-4CD6-9543-26C398A5BD6A}"
EndProject
Global
	GlobalSection(SolutionConfigurationPlatforms) = preSolution
		Debug|Any CPU = Debug|Any CPU
		Release|Any CPU = Release|Any CPU
	EndGlobalSection
	GlobalSection(ProjectConfigurationPlatforms) = postSolution
		{484B30EC-2571-4ABB-A9B3-E6736A616C23}.Debug|Any CPU.ActiveCfg = Debug|Any CPU
		{484B30EC-2571-4ABB-A9B3-E6736A616C23}.Debug|Any CPU.Build.0 = Debug|Any CPU
		{484B30EC-2571-4ABB-A9B3-E6736A616C23}.Release|Any CPU.ActiveCfg = Release|Any CPU
		{484B30EC-2571-4ABB-A9B3-E6736A616C23}.Release|Any CPU.Build.0 = Release|Any CPU
		{135FD8E6-F249-4F4D-BD6C-73FA28BC814E}.Debug|Any CPU.ActiveCfg = Debug|Any CPU
		{135FD8E6-F249-4F4D-BD6C-73FA28BC814E}.Debug|Any CPU.Build.0 = Debug|Any CPU
		{135FD8E6-F249-4F4D-BD6C-73FA28BC814E}.Release|Any CPU.ActiveCfg = Release|Any CPU
		{135FD8E6-F249-4F4D-BD6C-73FA28BC814E}.Release|Any CPU.Build.0 = Release|Any CPU
		{A4AEA59C-3195-4BF2-83F0-23612F025902}.Debug|Any CPU.ActiveCfg = Debug|Any CPU
		{A4AEA59C-3195-4BF2-83F0-23612F025902}.Debug|Any CPU.Build.0 = Debug|Any CPU
		{A4AEA59C-3195-4BF2-83F0-23612F025902}.Release|Any CPU.ActiveCfg = Release|Any CPU
		{A4AEA59C-3195-4BF2-83F0-23612F025902}.Release|Any CPU.Build.0 = Release|Any CPU
		{FF59D9A4-6122-4CD6-9543-26C398A5BD6A}.Debug|Any CPU.ActiveCfg = Debug|Any CPU
		{FF59D9A4-6122-4CD6-9543-26C398A5BD6A}.Debug|Any CPU.Build.0 = Debug|Any CPU
		{FF59D9A4-6122-4CD6-9543-26C398A5BD6A}.Release|Any CPU.ActiveCfg = Release|Any CPU
		{FF59D9A4-6122-4CD6-9543-26C398A5BD6A}.Release|Any CPU.Build.0 = Release|Any CPU
	EndGlobalSection
	GlobalSection(SolutionProperties) = preSolution
		HideSolutionNode = FALSE
	EndGlobalSection
EndGlobal
